Microsoft Visual Studio Solution File, Format Version 12.00
# Visual Studio Version 17
VisualStudioVersion = 17.5.2.0
MinimumVisualStudioVersion = 10.0.40219.1
Project("{2150E333-8FDC-42A3-9474-1A3956D46DE8}") = "backend", "backend", "{1AE8ACA6-933B-BF2A-3671-3E2EAC007D16}"
EndProject
Project("{2150E333-8FDC-42A3-9474-1A3956D46DE8}") = "tests", "tests", "{F57642F3-C37C-D174-720E-6A6AAD5BEE22}"
EndProject
Project("{FAE04EC0-301F-11D3-BF4B-00C04F79EFBC}") = "EmployeeManager.UnitTests", "backend\tests\EmployeeManager.UnitTests\EmployeeManager.UnitTests.csproj", "{A220A5F6-F1E0-208D-8ED6-2F2EABDD92BF}"
EndProject
Project("{2150E333-8FDC-42A3-9474-1A3956D46DE8}") = "src", "src", "{0F9113EE-888A-26D2-68B0-4A7D0A2A8745}"
EndProject
Project("{FAE04EC0-301F-11D3-BF4B-00C04F79EFBC}") = "EmployeeManager.Api", "backend\src\EmployeeManager.Api\EmployeeManager.Api.csproj", "{2A4987C0-433A-C6B1-F6DB-5C6D8849DCCD}"
EndProject
Global
	GlobalSection(SolutionConfigurationPlatforms) = preSolution
		Debug|Any CPU = Debug|Any CPU
		Release|Any CPU = Release|Any CPU
	EndGlobalSection
	GlobalSection(ProjectConfigurationPlatforms) = postSolution
		{A220A5F6-F1E0-208D-8ED6-2F2EABDD92BF}.Debug|Any CPU.ActiveCfg = Debug|Any CPU
		{A220A5F6-F1E0-208D-8ED6-2F2EABDD92BF}.Debug|Any CPU.Build.0 = Debug|Any CPU
		{A220A5F6-F1E0-208D-8ED6-2F2EABDD92BF}.Release|Any CPU.ActiveCfg = Release|Any CPU
		{A220A5F6-F1E0-208D-8ED6-2F2EABDD92BF}.Release|Any CPU.Build.0 = Release|Any CPU
		{2A4987C0-433A-C6B1-F6DB-5C6D8849DCCD}.Debug|Any CPU.ActiveCfg = Debug|Any CPU
		{2A4987C0-433A-C6B1-F6DB-5C6D8849DCCD}.Debug|Any CPU.Build.0 = Debug|Any CPU
		{2A4987C0-433A-C6B1-F6DB-5C6D8849DCCD}.Release|Any CPU.ActiveCfg = Release|Any CPU
		{2A4987C0-433A-C6B1-F6DB-5C6D8849DCCD}.Release|Any CPU.Build.0 = Release|Any CPU
	EndGlobalSection
	GlobalSection(SolutionProperties) = preSolution
		HideSolutionNode = FALSE
	EndGlobalSection
	GlobalSection(NestedProjects) = preSolution
		{F57642F3-C37C-D174-720E-6A6AAD5BEE22} = {1AE8ACA6-933B-BF2A-3671-3E2EAC007D16}
		{A220A5F6-F1E0-208D-8ED6-2F2EABDD92BF} = {F57642F3-C37C-D174-720E-6A6AAD5BEE22}
		{0F9113EE-888A-26D2-68B0-4A7D0A2A8745} = {1AE8ACA6-933B-BF2A-3671-3E2EAC007D16}
		{2A4987C0-433A-C6B1-F6DB-5C6D8849DCCD} = {0F9113EE-888A-26D2-68B0-4A7D0A2A8745}
	EndGlobalSection
	GlobalSection(ExtensibilityGlobals) = postSolution
		SolutionGuid = {B2241C75-4C91-458D-B9F1-CAFB135F47B8}
	EndGlobalSection
EndGlobal
